
Microsoft Visual Studio Solution File, Format Version 12.00
# Visual Studio Version 17
VisualStudioVersion = 17.6.33829.357
MinimumVisualStudioVersion = 10.0.40219.1
Project("{00D1A9C2-B5F0-4AF3-8072-F6C62B433612}") = "MyApp.Db", "MyApp.Db\MyApp.Db.sqlproj", "{96E41B01-CC37-4A98-B50B-122234E99820}"
EndProject
Global
	GlobalSection(SolutionConfigurationPlatforms) = preSolution
		Debug|Any CPU = Debug|Any CPU
		Release|Any CPU = Release|Any CPU
	EndGlobalSection
	GlobalSection(ProjectConfigurationPlatforms) = postSolution
		{96E41B01-CC37-4A98-B50B-122234E99820}.Debug|Any CPU.ActiveCfg = Debug|Any CPU
		{96E41B01-CC37-4A98-B50B-122234E99820}.Debug|Any CPU.Build.0 = Debug|Any CPU
		{96E41B01-CC37-4A98-B50B-122234E99820}.Debug|Any CPU.Deploy.0 = Debug|Any CPU
		{96E41B01-CC37-4A98-B50B-122234E99820}.Release|Any CPU.ActiveCfg = Release|Any CPU
		{96E41B01-CC37-4A98-B50B-122234E99820}.Release|Any CPU.Build.0 = Release|Any CPU
		{96E41B01-CC37-4A98-B50B-122234E99820}.Release|Any CPU.Deploy.0 = Release|Any CPU
	EndGlobalSection
	GlobalSection(SolutionProperties) = preSolution
		HideSolutionNode = FALSE
	EndGlobalSection
	GlobalSection(ExtensibilityGlobals) = postSolution
		SolutionGuid = {681FC668-6A09-47FE-BC87-3AD477BEAD5E}
	EndGlobalSection
EndGlobal
